// !$*UTF8*$!
{
	archiveVersion = 1;
	classes = {
	};
	objectVersion = 46;
	objects = {

/* Begin PBXBuildFile section */
		D8B3AF7A1D074C62002AA0D9 /* main.m in Sources */ = {isa = PBXBuildFile; fileRef = D8B3AF791D074C62002AA0D9 /* main.m */; };
		D8B3AF7D1D074C62002AA0D9 /* AppDelegate.m in Sources */ = {isa = PBXBuildFile; fileRef = D8B3AF7C1D074C62002AA0D9 /* AppDelegate.m */; };
		D8B3AF831D074C62002AA0D9 /* Main.storyboard in Resources */ = {isa = PBXBuildFile; fileRef = D8B3AF811D074C62002AA0D9 /* Main.storyboard */; };
		D8B3AF851D074C62002AA0D9 /* Assets.xcassets in Resources */ = {isa = PBXBuildFile; fileRef = D8B3AF841D074C62002AA0D9 /* Assets.xcassets */; };
		D8B3AF881D074C63002AA0D9 /* LaunchScreen.storyboard in Resources */ = {isa = PBXBuildFile; fileRef = D8B3AF861D074C63002AA0D9 /* LaunchScreen.storyboard */; };
		D8B3AF911D074D67002AA0D9 /* spotificationTableViewController.m in Sources */ = {isa = PBXBuildFile; fileRef = D8B3AF901D074D67002AA0D9 /* spotificationTableViewController.m */; };
		D8B3AF9A1D075CD2002AA0D9 /* boh.json in Resources */ = {isa = PBXBuildFile; fileRef = D8B3AF991D075CD2002AA0D9 /* boh.json */; };
		D8B3AF9D1D076E6F002AA0D9 /* Album.m in Sources */ = {isa = PBXBuildFile; fileRef = D8B3AF9C1D076E6F002AA0D9 /* Album.m */; };
/* End PBXBuildFile section */

/* Begin PBXFileReference section */
		D8B3AF751D074C62002AA0D9 /* 12 SpotifyAPI.app */ = {isa = PBXFileReference; explicitFileType = wrapper.application; includeInIndex = 0; path = "12 SpotifyAPI.app"; sourceTree = BUILT_PRODUCTS_DIR; };
		D8B3AF791D074C62002AA0D9 /* main.m */ = {isa = PBXFileReference; lastKnownFileType = sourcecode.c.objc; path = main.m; sourceTree = "<group>"; };
		D8B3AF7B1D074C62002AA0D9 /* AppDelegate.h */ = {isa = PBXFileReference; lastKnownFileType = sourcecode.c.h; path = AppDelegate.h; sourceTree = "<group>"; };
		D8B3AF7C1D074C62002AA0D9 /* AppDelegate.m */ = {isa = PBXFileReference; lastKnownFileType = sourcecode.c.objc; path = AppDelegate.m; sourceTree = "<group>"; };
		D8B3AF821D074C62002AA0D9 /* Base */ = {isa = PBXFileReference; lastKnownFileType = file.storyboard; name = Base; path = Base.lproj/Main.storyboard; sourceTree = "<group>"; };
		D8B3AF841D074C62002AA0D9 /* Assets.xcassets */ = {isa = PBXFileReference; lastKnownFileType = folder.assetcatalog; path = Assets.xcassets; sourceTree = "<group>"; };
		D8B3AF871D074C63002AA0D9 /* Base */ = {isa = PBXFileReference; lastKnownFileType = file.storyboard; name = Base; path = Base.lproj/LaunchScreen.storyboard; sourceTree = "<group>"; };
		D8B3AF891D074C63002AA0D9 /* Info.plist */ = {isa = PBXFileReference; lastKnownFileType = text.plist.xml; path = Info.plist; sourceTree = "<group>"; };
		D8B3AF8F1D074D67002AA0D9 /* spotificationTableViewController.h */ = {isa = PBXFileReference; fileEncoding = 4; lastKnownFileType = sourcecode.c.h; path = spotificationTableViewController.h; sourceTree = "<group>"; };
		D8B3AF901D074D67002AA0D9 /* spotificationTableViewController.m */ = {isa = PBXFileReference; fileEncoding = 4; lastKnownFileType = sourcecode.c.objc; path = spotificationTableViewController.m; sourceTree = "<group>"; };
		D8B3AF991D075CD2002AA0D9 /* boh.json */ = {isa = PBXFileReference; fileEncoding = 4; lastKnownFileType = text.json; path = boh.json; sourceTree = "<group>"; };
		D8B3AF9B1D076E6F002AA0D9 /* Album.h */ = {isa = PBXFileReference; fileEncoding = 4; lastKnownFileType = sourcecode.c.h; path = Album.h; sourceTree = "<group>"; };
		D8B3AF9C1D076E6F002AA0D9 /* Album.m */ = {isa = PBXFileReference; fileEncoding = 4; lastKnownFileType = sourcecode.c.objc; path = Album.m; sourceTree = "<group>"; };
/* End PBXFileReference section */

/* Begin PBXFrameworksBuildPhase section */
		D8B3AF721D074C62002AA0D9 /* Frameworks */ = {
			isa = PBXFrameworksBuildPhase;
			buildActionMask = 2147483647;
			files = (
			);
			runOnlyForDeploymentPostprocessing = 0;
		};
/* End PBXFrameworksBuildPhase section */

/* Begin PBXGroup section */
		D8B3AF6C1D074C62002AA0D9 = {
			isa = PBXGroup;
			children = (
				D8B3AF771D074C62002AA0D9 /* 12 SpotifyAPI */,
				D8B3AF761D074C62002AA0D9 /* Products */,
			);
			sourceTree = "<group>";
		};
		D8B3AF761D074C62002AA0D9 /* Products */ = {
			isa = PBXGroup;
			children = (
				D8B3AF751D074C62002AA0D9 /* 12 SpotifyAPI.app */,
			);
			name = Products;
			sourceTree = "<group>";
		};
		D8B3AF771D074C62002AA0D9 /* 12 SpotifyAPI */ = {
			isa = PBXGroup;
			children = (
				D8B3AF7B1D074C62002AA0D9 /* AppDelegate.h */,
				D8B3AF7C1D074C62002AA0D9 /* AppDelegate.m */,
				D8B3AF971D075645002AA0D9 /* Controllers */,
				D8B3AF981D075679002AA0D9 /* Models */,
				D8B3AF811D074C62002AA0D9 /* Main.storyboard */,
				D8B3AF991D075CD2002AA0D9 /* boh.json */,
				D8B3AF841D074C62002AA0D9 /* Assets.xcassets */,
				D8B3AF861D074C63002AA0D9 /* LaunchScreen.storyboard */,
				D8B3AF891D074C63002AA0D9 /* Info.plist */,
				D8B3AF781D074C62002AA0D9 /* Supporting Files */,
			);
			path = "12 SpotifyAPI";
			sourceTree = "<group>";
		};
		D8B3AF781D074C62002AA0D9 /* Supporting Files */ = {
			isa = PBXGroup;
			children = (
				D8B3AF791D074C62002AA0D9 /* main.m */,
			);
			name = "Supporting Files";
			sourceTree = "<group>";
		};
		D8B3AF971D075645002AA0D9 /* Controllers */ = {
			isa = PBXGroup;
			children = (
				D8B3AF8F1D074D67002AA0D9 /* spotificationTableViewController.h */,
				D8B3AF901D074D67002AA0D9 /* spotificationTableViewController.m */,
			);
			name = Controllers;
			sourceTree = "<group>";
		};
		D8B3AF981D075679002AA0D9 /* Models */ = {
			isa = PBXGroup;
			children = (
				D8B3AF9B1D076E6F002AA0D9 /* Album.h */,
				D8B3AF9C1D076E6F002AA0D9 /* Album.m */,
			);
			name = Models;
			sourceTree = "<group>";
		};
/* End PBXGroup section */

/* Begin PBXNativeTarget section */
		D8B3AF741D074C62002AA0D9 /* 12 SpotifyAPI */ = {
			isa = PBXNativeTarget;
			buildConfigurationList = D8B3AF8C1D074C63002AA0D9 /* Build configuration list for PBXNativeTarget "12 SpotifyAPI" */;
			buildPhases = (
				D8B3AF711D074C62002AA0D9 /* Sources */,
				D8B3AF721D074C62002AA0D9 /* Frameworks */,
				D8B3AF731D074C62002AA0D9 /* Resources */,
			);
			buildRules = (
			);
			dependencies = (
			);
			name = "12 SpotifyAPI";
			productName = "12 SpotifyAPI";
			productReference = D8B3AF751D074C62002AA0D9 /* 12 SpotifyAPI.app */;
			productType = "com.apple.product-type.application";
		};
/* End PBXNativeTarget section */

/* Begin PBXProject section */
		D8B3AF6D1D074C62002AA0D9 /* Project object */ = {
			isa = PBXProject;
			attributes = {
				LastUpgradeCheck = 0730;
				ORGANIZATIONNAME = "Iron Yard_Joe Moss";
				TargetAttributes = {
					D8B3AF741D074C62002AA0D9 = {
						CreatedOnToolsVersion = 7.3.1;
					};
				};
			};
			buildConfigurationList = D8B3AF701D074C62002AA0D9 /* Build configuration list for PBXProject "12 SpotifyAPI" */;
			compatibilityVersion = "Xcode 3.2";
			developmentRegion = English;
			hasScannedForEncodings = 0;
			knownRegions = (
				en,
				Base,
			);
			mainGroup = D8B3AF6C1D074C62002AA0D9;
			productRefGroup = D8B3AF761D074C62002AA0D9 /* Products */;
			projectDirPath = "";
			projectRoot = "";
			targets = (
				D8B3AF741D074C62002AA0D9 /* 12 SpotifyAPI */,
			);
		};
/* End PBXProject section */

/* Begin PBXResourcesBuildPhase section */
		D8B3AF731D074C62002AA0D9 /* Resources */ = {
			isa = PBXResourcesBuildPhase;
			buildActionMask = 2147483647;
			files = (
				D8B3AF881D074C63002AA0D9 /* LaunchScreen.storyboard in Resources */,
				D8B3AF9A1D075CD2002AA0D9 /* boh.json in Resources */,
				D8B3AF851D074C62002AA0D9 /* Assets.xcassets in Resources */,
				D8B3AF831D074C62002AA0D9 /* Main.storyboard in Resources */,
			);
			runOnlyForDeploymentPostprocessing = 0;
		};
/* End PBXResourcesBuildPhase section */

/* Begin PBXSourcesBuildPhase section */
		D8B3AF711D074C62002AA0D9 /* Sources */ = {
			isa = PBXSourcesBuildPhase;
			buildActionMask = 2147483647;
			files = (
				D8B3AF7D1D074C62002AA0D9 /* AppDelegate.m in Sources */,
				D8B3AF7A1D074C62002AA0D9 /* main.m in Sources */,
				D8B3AF911D074D67002AA0D9 /* spotificationTableViewController.m in Sources */,
				D8B3AF9D1D076E6F002AA0D9 /* Album.m in Sources */,
			);
			runOnlyForDeploymentPostprocessing = 0;
		};
/* End PBXSourcesBuildPhase section */

/* Begin PBXVariantGroup section */
		D8B3AF811D074C62002AA0D9 /* Main.storyboard */ = {
			isa = PBXVariantGroup;
			children = (
				D8B3AF821D074C62002AA0D9 /* Base */,
			);
			name = Main.storyboard;
			sourceTree = "<group>";
		};
		D8B3AF861D074C63002AA0D9 /* LaunchScreen.storyboard */ = {
			isa = PBXVariantGroup;
			children = (
				D8B3AF871D074C63002AA0D9 /* Base */,
			);
			name = LaunchScreen.storyboard;
			sourceTree = "<group>";
		};
/* End PBXVariantGroup section */

/* Begin XCBuildConfiguration section */
		D8B3AF8A1D074C63002AA0D9 /* Debug */ = {
			isa = XCBuildConfiguration;
			buildSettings = {
				ALWAYS_SEARCH_USER_PATHS = NO;
				CLANG_ANALYZER_NONNULL = YES;
				CLANG_CXX_LANGUAGE_STANDARD = "gnu++0x";
				CLANG_CXX_LIBRARY = "libc++";
				CLANG_ENABLE_MODULES = YES;
				CLANG_ENABLE_OBJC_ARC = YES;
				CLANG_WARN_BOOL_CONVERSION = YES;
				CLANG_WARN_CONSTANT_CONVERSION = YES;
				CLANG_WARN_DIRECT_OBJC_ISA_USAGE = YES_ERROR;
				CLANG_WARN_EMPTY_BODY = YES;
				CLANG_WARN_ENUM_CONVERSION = YES;
				CLANG_WARN_INT_CONVERSION = YES;
				CLANG_WARN_OBJC_ROOT_CLASS = YES_ERROR;
				CLANG_WARN_UNREACHABLE_CODE = YES;
				CLANG_WARN__DUPLICATE_METHOD_MATCH = YES;
				"CODE_SIGN_IDENTITY[sdk=iphoneos*]" = "iPhone Developer";
				COPY_PHASE_STRIP = NO;
				DEBUG_INFORMATION_FORMAT = dwarf;
				ENABLE_STRICT_OBJC_MSGSEND = YES;
				ENABLE_TESTABILITY = YES;
				GCC_C_LANGUAGE_STANDARD = gnu99;
				GCC_DYNAMIC_NO_PIC = NO;
				GCC_NO_COMMON_BLOCKS = YES;
				GCC_OPTIMIZATION_LEVEL = 0;
				GCC_PREPROCESSOR_DEFINITIONS = (
					"DEBUG=1",
					"$(inherited)",
				);
				GCC_WARN_64_TO_32_BIT_CONVERSION = YES;
				GCC_WARN_ABOUT_RETURN_TYPE = YES_ERROR;
				GCC_WARN_UNDECLARED_SELECTOR = YES;
				GCC_WARN_UNINITIALIZED_AUTOS = YES_AGGRESSIVE;
				GCC_WARN_UNUSED_FUNCTION = YES;
				GCC_WARN_UNUSED_VARIABLE = YES;
				IPHONEOS_DEPLOYMENT_TARGET = 9.3;
				MTL_ENABLE_DEBUG_INFO = YES;
				ONLY_ACTIVE_ARCH = YES;
				SDKROOT = iphoneos;
			};
			name = Debug;
		};
		D8B3AF8B1D074C63002AA0D9 /* Release */ = {
			isa = XCBuildConfiguration;
			buildSettings = {
				ALWAYS_SEARCH_USER_PATHS = NO;
				CLANG_ANALYZER_NONNULL = YES;
				CLANG_CXX_LANGUAGE_STANDARD = "gnu++0x";
				CLANG_CXX_LIBRARY = "libc++";
				CLANG_ENABLE_MODULES = YES;
				CLANG_ENABLE_OBJC_ARC = YES;
				CLANG_WARN_BOOL_CONVERSION = YES;
				CLANG_WARN_CONSTANT_CONVERSION = YES;
				CLANG_WARN_DIRECT_OBJC_ISA_USAGE = YES_ERROR;
				CLANG_WARN_EMPTY_BODY = YES;
				CLANG_WARN_ENUM_CONVERSION = YES;
				CLANG_WARN_INT_CONVERSION = YES;
				CLANG_WARN_OBJC_ROOT_CLASS = YES_ERROR;
				CLANG_WARN_UNREACHABLE_CODE = YES;
				CLANG_WARN__DUPLICATE_METHOD_MATCH = YES;
				"CODE_SIGN_IDENTITY[sdk=iphoneos*]" = "iPhone Developer";
				COPY_PHASE_STRIP = NO;
				DEBUG_INFORMATION_FORMAT = "dwarf-with-dsym";
				ENABLE_NS_ASSERTIONS = NO;
				ENABLE_STRICT_OBJC_MSGSEND = YES;
				GCC_C_LANGUAGE_STANDARD = gnu99;
				GCC_NO_COMMON_BLOCKS = YES;
				GCC_WARN_64_TO_32_BIT_CONVERSION = YES;
				GCC_WARN_ABOUT_RETURN_TYPE = YES_ERROR;
				GCC_WARN_UNDECLARED_SELECTOR = YES;
				GCC_WARN_UNINITIALIZED_AUTOS = YES_AGGRESSIVE;
				GCC_WARN_UNUSED_FUNCTION = YES;
				GCC_WARN_UNUSED_VARIABLE = YES;
				IPHONEOS_DEPLOYMENT_TARGET = 9.3;
				MTL_ENABLE_DEBUG_INFO = NO;
				SDKROOT = iphoneos;
				VALIDATE_PRODUCT = YES;
			};
			name = Release;
		};
		D8B3AF8D1D074C63002AA0D9 /* Debug */ = {
			isa = XCBuildConfiguration;
			buildSettings = {
				ASSETCATALOG_COMPILER_APPICON_NAME = AppIcon;
				INFOPLIST_FILE = "12 SpotifyAPI/Info.plist";
				LD_RUNPATH_SEARCH_PATHS = "$(inherited) @executable_path/Frameworks";
				PRODUCT_BUNDLE_IDENTIFIER = "com.joe.-2-SpotifyAPI";
				PRODUCT_NAME = "$(TARGET_NAME)";
			};
			name = Debug;
		};
		D8B3AF8E1D074C63002AA0D9 /* Release */ = {
			isa = XCBuildConfiguration;
			buildSettings = {
				ASSETCATALOG_COMPILER_APPICON_NAME = AppIcon;
				INFOPLIST_FILE = "12 SpotifyAPI/Info.plist";
				LD_RUNPATH_SEARCH_PATHS = "$(inherited) @executable_path/Frameworks";
				PRODUCT_BUNDLE_IDENTIFIER = "com.joe.-2-SpotifyAPI";
				PRODUCT_NAME = "$(TARGET_NAME)";
			};
			name = Release;
		};
/* End XCBuildConfiguration section */

/* Begin XCConfigurationList section */
		D8B3AF701D074C62002AA0D9 /* Build configuration list for PBXProject "12 SpotifyAPI" */ = {
			isa = XCConfigurationList;
			buildConfigurations = (
				D8B3AF8A1D074C63002AA0D9 /* Debug */,
				D8B3AF8B1D074C63002AA0D9 /* Release */,
			);
			defaultConfigurationIsVisible = 0;
			defaultConfigurationName = Release;
		};
		D8B3AF8C1D074C63002AA0D9 /* Build configuration list for PBXNativeTarget "12 SpotifyAPI" */ = {
			isa = XCConfigurationList;
			buildConfigurations = (
				D8B3AF8D1D074C63002AA0D9 /* Debug */,
				D8B3AF8E1D074C63002AA0D9 /* Release */,
			);
			defaultConfigurationIsVisible = 0;
		};
/* End XCConfigurationList section */
	};
	rootObject = D8B3AF6D1D074C62002AA0D9 /* Project object */;
}
