// !$*UTF8*$!
{
	archiveVersion = 1;
	classes = {
	};
	objectVersion = 46;
	objects = {

/* Begin PBXBuildFile section */
		D8B6C71F1D10779700543690 /* AppDelegate.swift in Sources */ = {isa = PBXBuildFile; fileRef = D8B6C71E1D10779700543690 /* AppDelegate.swift */; };
		D8B6C7211D10779700543690 /* ViewController.swift in Sources */ = {isa = PBXBuildFile; fileRef = D8B6C7201D10779700543690 /* ViewController.swift */; };
		D8B6C7241D10779700543690 /* Main.storyboard in Resources */ = {isa = PBXBuildFile; fileRef = D8B6C7221D10779700543690 /* Main.storyboard */; };
		D8B6C7261D10779700543690 /* Assets.xcassets in Resources */ = {isa = PBXBuildFile; fileRef = D8B6C7251D10779700543690 /* Assets.xcassets */; };
		D8B6C7291D10779700543690 /* LaunchScreen.storyboard in Resources */ = {isa = PBXBuildFile; fileRef = D8B6C7271D10779700543690 /* LaunchScreen.storyboard */; };
		D8B6C7311D107F7200543690 /* digital-7.ttf in Resources */ = {isa = PBXBuildFile; fileRef = D8B6C7301D107F7200543690 /* digital-7.ttf */; };
		D8B6C7331D10ADCF00543690 /* DestinationViewController.swift in Sources */ = {isa = PBXBuildFile; fileRef = D8B6C7321D10ADCF00543690 /* DestinationViewController.swift */; };
/* End PBXBuildFile section */

/* Begin PBXFileReference section */
		D8B6C71B1D10779700543690 /* 17 Back In Time.app */ = {isa = PBXFileReference; explicitFileType = wrapper.application; includeInIndex = 0; path = "17 Back In Time.app"; sourceTree = BUILT_PRODUCTS_DIR; };
		D8B6C71E1D10779700543690 /* AppDelegate.swift */ = {isa = PBXFileReference; lastKnownFileType = sourcecode.swift; path = AppDelegate.swift; sourceTree = "<group>"; };
		D8B6C7201D10779700543690 /* ViewController.swift */ = {isa = PBXFileReference; lastKnownFileType = sourcecode.swift; path = ViewController.swift; sourceTree = "<group>"; };
		D8B6C7231D10779700543690 /* Base */ = {isa = PBXFileReference; lastKnownFileType = file.storyboard; name = Base; path = Base.lproj/Main.storyboard; sourceTree = "<group>"; };
		D8B6C7251D10779700543690 /* Assets.xcassets */ = {isa = PBXFileReference; lastKnownFileType = folder.assetcatalog; path = Assets.xcassets; sourceTree = "<group>"; };
		D8B6C7281D10779700543690 /* Base */ = {isa = PBXFileReference; lastKnownFileType = file.storyboard; name = Base; path = Base.lproj/LaunchScreen.storyboard; sourceTree = "<group>"; };
		D8B6C72A1D10779700543690 /* Info.plist */ = {isa = PBXFileReference; lastKnownFileType = text.plist.xml; path = Info.plist; sourceTree = "<group>"; };
		D8B6C7301D107F7200543690 /* digital-7.ttf */ = {isa = PBXFileReference; lastKnownFileType = file; path = "digital-7.ttf"; sourceTree = "<group>"; };
		D8B6C7321D10ADCF00543690 /* DestinationViewController.swift */ = {isa = PBXFileReference; fileEncoding = 4; lastKnownFileType = sourcecode.swift; path = DestinationViewController.swift; sourceTree = "<group>"; };
/* End PBXFileReference section */

/* Begin PBXFrameworksBuildPhase section */
		D8B6C7181D10779700543690 /* Frameworks */ = {
			isa = PBXFrameworksBuildPhase;
			buildActionMask = 2147483647;
			files = (
			);
			runOnlyForDeploymentPostprocessing = 0;
		};
/* End PBXFrameworksBuildPhase section */

/* Begin PBXGroup section */
		D8B6C7121D10779700543690 = {
			isa = PBXGroup;
			children = (
				D8B6C71D1D10779700543690 /* 17 Back In Time */,
				D8B6C71C1D10779700543690 /* Products */,
			);
			sourceTree = "<group>";
		};
		D8B6C71C1D10779700543690 /* Products */ = {
			isa = PBXGroup;
			children = (
				D8B6C71B1D10779700543690 /* 17 Back In Time.app */,
			);
			name = Products;
			sourceTree = "<group>";
		};
		D8B6C71D1D10779700543690 /* 17 Back In Time */ = {
			isa = PBXGroup;
			children = (
				D8B6C71E1D10779700543690 /* AppDelegate.swift */,
				D8B6C7341D10B8F500543690 /* Controllers */,
				D8B6C7221D10779700543690 /* Main.storyboard */,
				D8B6C7251D10779700543690 /* Assets.xcassets */,
				D8B6C7301D107F7200543690 /* digital-7.ttf */,
				D8B6C7271D10779700543690 /* LaunchScreen.storyboard */,
				D8B6C72A1D10779700543690 /* Info.plist */,
			);
			path = "17 Back In Time";
			sourceTree = "<group>";
		};
		D8B6C7341D10B8F500543690 /* Controllers */ = {
			isa = PBXGroup;
			children = (
				D8B6C7201D10779700543690 /* ViewController.swift */,
				D8B6C7321D10ADCF00543690 /* DestinationViewController.swift */,
			);
			name = Controllers;
			sourceTree = "<group>";
		};
/* End PBXGroup section */

/* Begin PBXNativeTarget section */
		D8B6C71A1D10779700543690 /* 17 Back In Time */ = {
			isa = PBXNativeTarget;
			buildConfigurationList = D8B6C72D1D10779700543690 /* Build configuration list for PBXNativeTarget "17 Back In Time" */;
			buildPhases = (
				D8B6C7171D10779700543690 /* Sources */,
				D8B6C7181D10779700543690 /* Frameworks */,
				D8B6C7191D10779700543690 /* Resources */,
			);
			buildRules = (
			);
			dependencies = (
			);
			name = "17 Back In Time";
			productName = "17 Back In Time";
			productReference = D8B6C71B1D10779700543690 /* 17 Back In Time.app */;
			productType = "com.apple.product-type.application";
		};
/* End PBXNativeTarget section */

/* Begin PBXProject section */
		D8B6C7131D10779700543690 /* Project object */ = {
			isa = PBXProject;
			attributes = {
				LastSwiftUpdateCheck = 0730;
				LastUpgradeCheck = 0730;
				ORGANIZATIONNAME = "Iron Yard_Joe Moss";
				TargetAttributes = {
					D8B6C71A1D10779700543690 = {
						CreatedOnToolsVersion = 7.3.1;
					};
				};
			};
			buildConfigurationList = D8B6C7161D10779700543690 /* Build configuration list for PBXProject "17 Back In Time" */;
			compatibilityVersion = "Xcode 3.2";
			developmentRegion = English;
			hasScannedForEncodings = 0;
			knownRegions = (
				en,
				Base,
			);
			mainGroup = D8B6C7121D10779700543690;
			productRefGroup = D8B6C71C1D10779700543690 /* Products */;
			projectDirPath = "";
			projectRoot = "";
			targets = (
				D8B6C71A1D10779700543690 /* 17 Back In Time */,
			);
		};
/* End PBXProject section */

/* Begin PBXResourcesBuildPhase section */
		D8B6C7191D10779700543690 /* Resources */ = {
			isa = PBXResourcesBuildPhase;
			buildActionMask = 2147483647;
			files = (
				D8B6C7291D10779700543690 /* LaunchScreen.storyboard in Resources */,
				D8B6C7261D10779700543690 /* Assets.xcassets in Resources */,
				D8B6C7241D10779700543690 /* Main.storyboard in Resources */,
				D8B6C7311D107F7200543690 /* digital-7.ttf in Resources */,
			);
			runOnlyForDeploymentPostprocessing = 0;
		};
/* End PBXResourcesBuildPhase section */

/* Begin PBXSourcesBuildPhase section */
		D8B6C7171D10779700543690 /* Sources */ = {
			isa = PBXSourcesBuildPhase;
			buildActionMask = 2147483647;
			files = (
				D8B6C7211D10779700543690 /* ViewController.swift in Sources */,
				D8B6C7331D10ADCF00543690 /* DestinationViewController.swift in Sources */,
				D8B6C71F1D10779700543690 /* AppDelegate.swift in Sources */,
			);
			runOnlyForDeploymentPostprocessing = 0;
		};
/* End PBXSourcesBuildPhase section */

/* Begin PBXVariantGroup section */
		D8B6C7221D10779700543690 /* Main.storyboard */ = {
			isa = PBXVariantGroup;
			children = (
				D8B6C7231D10779700543690 /* Base */,
			);
			name = Main.storyboard;
			sourceTree = "<group>";
		};
		D8B6C7271D10779700543690 /* LaunchScreen.storyboard */ = {
			isa = PBXVariantGroup;
			children = (
				D8B6C7281D10779700543690 /* Base */,
			);
			name = LaunchScreen.storyboard;
			sourceTree = "<group>";
		};
/* End PBXVariantGroup section */

/* Begin XCBuildConfiguration section */
		D8B6C72B1D10779700543690 /* Debug */ = {
			isa = XCBuildConfiguration;
			buildSettings = {
				ALWAYS_SEARCH_USER_PATHS = NO;
				CLANG_ANALYZER_NONNULL = YES;
				CLANG_CXX_LANGUAGE_STANDARD = "gnu++0x";
				CLANG_CXX_LIBRARY = "libc++";
				CLANG_ENABLE_MODULES = YES;
				CLANG_ENABLE_OBJC_ARC = YES;
				CLANG_WARN_BOOL_CONVERSION = YES;
				CLANG_WARN_CONSTANT_CONVERSION = YES;
				CLANG_WARN_DIRECT_OBJC_ISA_USAGE = YES_ERROR;
				CLANG_WARN_EMPTY_BODY = YES;
				CLANG_WARN_ENUM_CONVERSION = YES;
				CLANG_WARN_INT_CONVERSION = YES;
				CLANG_WARN_OBJC_ROOT_CLASS = YES_ERROR;
				CLANG_WARN_UNREACHABLE_CODE = YES;
				CLANG_WARN__DUPLICATE_METHOD_MATCH = YES;
				"CODE_SIGN_IDENTITY[sdk=iphoneos*]" = "iPhone Developer";
				COPY_PHASE_STRIP = NO;
				DEBUG_INFORMATION_FORMAT = dwarf;
				ENABLE_STRICT_OBJC_MSGSEND = YES;
				ENABLE_TESTABILITY = YES;
				GCC_C_LANGUAGE_STANDARD = gnu99;
				GCC_DYNAMIC_NO_PIC = NO;
				GCC_NO_COMMON_BLOCKS = YES;
				GCC_OPTIMIZATION_LEVEL = 0;
				GCC_PREPROCESSOR_DEFINITIONS = (
					"DEBUG=1",
					"$(inherited)",
				);
				GCC_WARN_64_TO_32_BIT_CONVERSION = YES;
				GCC_WARN_ABOUT_RETURN_TYPE = YES_ERROR;
				GCC_WARN_UNDECLARED_SELECTOR = YES;
				GCC_WARN_UNINITIALIZED_AUTOS = YES_AGGRESSIVE;
				GCC_WARN_UNUSED_FUNCTION = YES;
				GCC_WARN_UNUSED_VARIABLE = YES;
				IPHONEOS_DEPLOYMENT_TARGET = 9.3;
				MTL_ENABLE_DEBUG_INFO = YES;
				ONLY_ACTIVE_ARCH = YES;
				SDKROOT = iphoneos;
				SWIFT_OPTIMIZATION_LEVEL = "-Onone";
			};
			name = Debug;
		};
		D8B6C72C1D10779700543690 /* Release */ = {
			isa = XCBuildConfiguration;
			buildSettings = {
				ALWAYS_SEARCH_USER_PATHS = NO;
				CLANG_ANALYZER_NONNULL = YES;
				CLANG_CXX_LANGUAGE_STANDARD = "gnu++0x";
				CLANG_CXX_LIBRARY = "libc++";
				CLANG_ENABLE_MODULES = YES;
				CLANG_ENABLE_OBJC_ARC = YES;
				CLANG_WARN_BOOL_CONVERSION = YES;
				CLANG_WARN_CONSTANT_CONVERSION = YES;
				CLANG_WARN_DIRECT_OBJC_ISA_USAGE = YES_ERROR;
				CLANG_WARN_EMPTY_BODY = YES;
				CLANG_WARN_ENUM_CONVERSION = YES;
				CLANG_WARN_INT_CONVERSION = YES;
				CLANG_WARN_OBJC_ROOT_CLASS = YES_ERROR;
				CLANG_WARN_UNREACHABLE_CODE = YES;
				CLANG_WARN__DUPLICATE_METHOD_MATCH = YES;
				"CODE_SIGN_IDENTITY[sdk=iphoneos*]" = "iPhone Developer";
				COPY_PHASE_STRIP = NO;
				DEBUG_INFORMATION_FORMAT = "dwarf-with-dsym";
				ENABLE_NS_ASSERTIONS = NO;
				ENABLE_STRICT_OBJC_MSGSEND = YES;
				GCC_C_LANGUAGE_STANDARD = gnu99;
				GCC_NO_COMMON_BLOCKS = YES;
				GCC_WARN_64_TO_32_BIT_CONVERSION = YES;
				GCC_WARN_ABOUT_RETURN_TYPE = YES_ERROR;
				GCC_WARN_UNDECLARED_SELECTOR = YES;
				GCC_WARN_UNINITIALIZED_AUTOS = YES_AGGRESSIVE;
				GCC_WARN_UNUSED_FUNCTION = YES;
				GCC_WARN_UNUSED_VARIABLE = YES;
				IPHONEOS_DEPLOYMENT_TARGET = 9.3;
				MTL_ENABLE_DEBUG_INFO = NO;
				SDKROOT = iphoneos;
				VALIDATE_PRODUCT = YES;
			};
			name = Release;
		};
		D8B6C72E1D10779700543690 /* Debug */ = {
			isa = XCBuildConfiguration;
			buildSettings = {
				ASSETCATALOG_COMPILER_APPICON_NAME = AppIcon;
				INFOPLIST_FILE = "17 Back In Time/Info.plist";
				LD_RUNPATH_SEARCH_PATHS = "$(inherited) @executable_path/Frameworks";
				PRODUCT_BUNDLE_IDENTIFIER = "com.joe.-7-Back-In-Time";
				PRODUCT_NAME = "$(TARGET_NAME)";
			};
			name = Debug;
		};
		D8B6C72F1D10779700543690 /* Release */ = {
			isa = XCBuildConfiguration;
			buildSettings = {
				ASSETCATALOG_COMPILER_APPICON_NAME = AppIcon;
				INFOPLIST_FILE = "17 Back In Time/Info.plist";
				LD_RUNPATH_SEARCH_PATHS = "$(inherited) @executable_path/Frameworks";
				PRODUCT_BUNDLE_IDENTIFIER = "com.joe.-7-Back-In-Time";
				PRODUCT_NAME = "$(TARGET_NAME)";
			};
			name = Release;
		};
/* End XCBuildConfiguration section */

/* Begin XCConfigurationList section */
		D8B6C7161D10779700543690 /* Build configuration list for PBXProject "17 Back In Time" */ = {
			isa = XCConfigurationList;
			buildConfigurations = (
				D8B6C72B1D10779700543690 /* Debug */,
				D8B6C72C1D10779700543690 /* Release */,
			);
			defaultConfigurationIsVisible = 0;
			defaultConfigurationName = Release;
		};
		D8B6C72D1D10779700543690 /* Build configuration list for PBXNativeTarget "17 Back In Time" */ = {
			isa = XCConfigurationList;
			buildConfigurations = (
				D8B6C72E1D10779700543690 /* Debug */,
				D8B6C72F1D10779700543690 /* Release */,
			);
			defaultConfigurationIsVisible = 0;
		};
/* End XCConfigurationList section */
	};
	rootObject = D8B6C7131D10779700543690 /* Project object */;
}
