// !$*UTF8*$!
{
	archiveVersion = 1;
	classes = {
	};
	objectVersion = 46;
	objects = {

/* Begin PBXBuildFile section */
		D8FD53DD1D021A8B00FBEE2E /* main.m in Sources */ = {isa = PBXBuildFile; fileRef = D8FD53DC1D021A8B00FBEE2E /* main.m */; };
		D8FD53E01D021A8B00FBEE2E /* AppDelegate.m in Sources */ = {isa = PBXBuildFile; fileRef = D8FD53DF1D021A8B00FBEE2E /* AppDelegate.m */; };
		D8FD53E61D021A8B00FBEE2E /* Main.storyboard in Resources */ = {isa = PBXBuildFile; fileRef = D8FD53E41D021A8B00FBEE2E /* Main.storyboard */; };
		D8FD53E81D021A8B00FBEE2E /* Assets.xcassets in Resources */ = {isa = PBXBuildFile; fileRef = D8FD53E71D021A8B00FBEE2E /* Assets.xcassets */; };
		D8FD53EB1D021A8B00FBEE2E /* LaunchScreen.storyboard in Resources */ = {isa = PBXBuildFile; fileRef = D8FD53E91D021A8B00FBEE2E /* LaunchScreen.storyboard */; };
		D8FD53FA1D021EE700FBEE2E /* Movie.m in Sources */ = {isa = PBXBuildFile; fileRef = D8FD53F91D021EE700FBEE2E /* Movie.m */; };
		D8FD53FC1D02211500FBEE2E /* popular.json in Resources */ = {isa = PBXBuildFile; fileRef = D8FD53FB1D02211500FBEE2E /* popular.json */; };
		D8FD53FF1D0224AE00FBEE2E /* MovieTableViewController.m in Sources */ = {isa = PBXBuildFile; fileRef = D8FD53FE1D0224AE00FBEE2E /* MovieTableViewController.m */; };
		D8FD54021D0227E800FBEE2E /* ProfileViewController.m in Sources */ = {isa = PBXBuildFile; fileRef = D8FD54011D0227E800FBEE2E /* ProfileViewController.m */; };
/* End PBXBuildFile section */

/* Begin PBXFileReference section */
		D8FD53D81D021A8B00FBEE2E /* 09 JSON.app */ = {isa = PBXFileReference; explicitFileType = wrapper.application; includeInIndex = 0; path = "09 JSON.app"; sourceTree = BUILT_PRODUCTS_DIR; };
		D8FD53DC1D021A8B00FBEE2E /* main.m */ = {isa = PBXFileReference; lastKnownFileType = sourcecode.c.objc; path = main.m; sourceTree = "<group>"; };
		D8FD53DE1D021A8B00FBEE2E /* AppDelegate.h */ = {isa = PBXFileReference; lastKnownFileType = sourcecode.c.h; path = AppDelegate.h; sourceTree = "<group>"; };
		D8FD53DF1D021A8B00FBEE2E /* AppDelegate.m */ = {isa = PBXFileReference; lastKnownFileType = sourcecode.c.objc; path = AppDelegate.m; sourceTree = "<group>"; };
		D8FD53E51D021A8B00FBEE2E /* Base */ = {isa = PBXFileReference; lastKnownFileType = file.storyboard; name = Base; path = Base.lproj/Main.storyboard; sourceTree = "<group>"; };
		D8FD53E71D021A8B00FBEE2E /* Assets.xcassets */ = {isa = PBXFileReference; lastKnownFileType = folder.assetcatalog; path = Assets.xcassets; sourceTree = "<group>"; };
		D8FD53EA1D021A8B00FBEE2E /* Base */ = {isa = PBXFileReference; lastKnownFileType = file.storyboard; name = Base; path = Base.lproj/LaunchScreen.storyboard; sourceTree = "<group>"; };
		D8FD53EC1D021A8B00FBEE2E /* Info.plist */ = {isa = PBXFileReference; lastKnownFileType = text.plist.xml; path = Info.plist; sourceTree = "<group>"; };
		D8FD53F81D021EE700FBEE2E /* Movie.h */ = {isa = PBXFileReference; fileEncoding = 4; lastKnownFileType = sourcecode.c.h; name = Movie.h; path = "09 JSON/Movie.h"; sourceTree = "<group>"; };
		D8FD53F91D021EE700FBEE2E /* Movie.m */ = {isa = PBXFileReference; fileEncoding = 4; lastKnownFileType = sourcecode.c.objc; name = Movie.m; path = "09 JSON/Movie.m"; sourceTree = "<group>"; };
		D8FD53FB1D02211500FBEE2E /* popular.json */ = {isa = PBXFileReference; fileEncoding = 4; lastKnownFileType = text.json; path = popular.json; sourceTree = "<group>"; };
		D8FD53FD1D0224AE00FBEE2E /* MovieTableViewController.h */ = {isa = PBXFileReference; fileEncoding = 4; lastKnownFileType = sourcecode.c.h; path = MovieTableViewController.h; sourceTree = "<group>"; };
		D8FD53FE1D0224AE00FBEE2E /* MovieTableViewController.m */ = {isa = PBXFileReference; fileEncoding = 4; lastKnownFileType = sourcecode.c.objc; path = MovieTableViewController.m; sourceTree = "<group>"; };
		D8FD54001D0227E800FBEE2E /* ProfileViewController.h */ = {isa = PBXFileReference; fileEncoding = 4; lastKnownFileType = sourcecode.c.h; path = ProfileViewController.h; sourceTree = "<group>"; };
		D8FD54011D0227E800FBEE2E /* ProfileViewController.m */ = {isa = PBXFileReference; fileEncoding = 4; lastKnownFileType = sourcecode.c.objc; path = ProfileViewController.m; sourceTree = "<group>"; };
/* End PBXFileReference section */

/* Begin PBXFrameworksBuildPhase section */
		D8FD53D51D021A8B00FBEE2E /* Frameworks */ = {
			isa = PBXFrameworksBuildPhase;
			buildActionMask = 2147483647;
			files = (
			);
			runOnlyForDeploymentPostprocessing = 0;
		};
/* End PBXFrameworksBuildPhase section */

/* Begin PBXGroup section */
		D8FD53CF1D021A8B00FBEE2E = {
			isa = PBXGroup;
			children = (
				D8FD53DA1D021A8B00FBEE2E /* 09 JSON */,
				D8FD53D91D021A8B00FBEE2E /* Products */,
			);
			sourceTree = "<group>";
		};
		D8FD53D91D021A8B00FBEE2E /* Products */ = {
			isa = PBXGroup;
			children = (
				D8FD53D81D021A8B00FBEE2E /* 09 JSON.app */,
			);
			name = Products;
			sourceTree = "<group>";
		};
		D8FD53DA1D021A8B00FBEE2E /* 09 JSON */ = {
			isa = PBXGroup;
			children = (
				D8FD53DE1D021A8B00FBEE2E /* AppDelegate.h */,
				D8FD53DF1D021A8B00FBEE2E /* AppDelegate.m */,
				D8FD53F21D021D1400FBEE2E /* Controller */,
				D8FD53F41D021DA400FBEE2E /* Model */,
				D8FD53F31D021D8700FBEE2E /* View */,
				D8FD53E41D021A8B00FBEE2E /* Main.storyboard */,
				D8FD53E71D021A8B00FBEE2E /* Assets.xcassets */,
				D8FD53E91D021A8B00FBEE2E /* LaunchScreen.storyboard */,
				D8FD53EC1D021A8B00FBEE2E /* Info.plist */,
				D8FD53FB1D02211500FBEE2E /* popular.json */,
				D8FD53DB1D021A8B00FBEE2E /* Supporting Files */,
			);
			path = "09 JSON";
			sourceTree = "<group>";
		};
		D8FD53DB1D021A8B00FBEE2E /* Supporting Files */ = {
			isa = PBXGroup;
			children = (
				D8FD53DC1D021A8B00FBEE2E /* main.m */,
			);
			name = "Supporting Files";
			sourceTree = "<group>";
		};
		D8FD53F21D021D1400FBEE2E /* Controller */ = {
			isa = PBXGroup;
			children = (
				D8FD53FD1D0224AE00FBEE2E /* MovieTableViewController.h */,
				D8FD53FE1D0224AE00FBEE2E /* MovieTableViewController.m */,
				D8FD54001D0227E800FBEE2E /* ProfileViewController.h */,
				D8FD54011D0227E800FBEE2E /* ProfileViewController.m */,
			);
			name = Controller;
			sourceTree = "<group>";
		};
		D8FD53F31D021D8700FBEE2E /* View */ = {
			isa = PBXGroup;
			children = (
			);
			name = View;
			sourceTree = "<group>";
		};
		D8FD53F41D021DA400FBEE2E /* Model */ = {
			isa = PBXGroup;
			children = (
				D8FD53F81D021EE700FBEE2E /* Movie.h */,
				D8FD53F91D021EE700FBEE2E /* Movie.m */,
			);
			name = Model;
			path = ..;
			sourceTree = "<group>";
		};
/* End PBXGroup section */

/* Begin PBXNativeTarget section */
		D8FD53D71D021A8B00FBEE2E /* 09 JSON */ = {
			isa = PBXNativeTarget;
			buildConfigurationList = D8FD53EF1D021A8B00FBEE2E /* Build configuration list for PBXNativeTarget "09 JSON" */;
			buildPhases = (
				D8FD53D41D021A8B00FBEE2E /* Sources */,
				D8FD53D51D021A8B00FBEE2E /* Frameworks */,
				D8FD53D61D021A8B00FBEE2E /* Resources */,
			);
			buildRules = (
			);
			dependencies = (
			);
			name = "09 JSON";
			productName = "09 JSON";
			productReference = D8FD53D81D021A8B00FBEE2E /* 09 JSON.app */;
			productType = "com.apple.product-type.application";
		};
/* End PBXNativeTarget section */

/* Begin PBXProject section */
		D8FD53D01D021A8B00FBEE2E /* Project object */ = {
			isa = PBXProject;
			attributes = {
				LastUpgradeCheck = 0730;
				ORGANIZATIONNAME = "Iron Yard_Joe Moss";
				TargetAttributes = {
					D8FD53D71D021A8B00FBEE2E = {
						CreatedOnToolsVersion = 7.3.1;
					};
				};
			};
			buildConfigurationList = D8FD53D31D021A8B00FBEE2E /* Build configuration list for PBXProject "09 JSON" */;
			compatibilityVersion = "Xcode 3.2";
			developmentRegion = English;
			hasScannedForEncodings = 0;
			knownRegions = (
				en,
				Base,
			);
			mainGroup = D8FD53CF1D021A8B00FBEE2E;
			productRefGroup = D8FD53D91D021A8B00FBEE2E /* Products */;
			projectDirPath = "";
			projectRoot = "";
			targets = (
				D8FD53D71D021A8B00FBEE2E /* 09 JSON */,
			);
		};
/* End PBXProject section */

/* Begin PBXResourcesBuildPhase section */
		D8FD53D61D021A8B00FBEE2E /* Resources */ = {
			isa = PBXResourcesBuildPhase;
			buildActionMask = 2147483647;
			files = (
				D8FD53EB1D021A8B00FBEE2E /* LaunchScreen.storyboard in Resources */,
				D8FD53E81D021A8B00FBEE2E /* Assets.xcassets in Resources */,
				D8FD53E61D021A8B00FBEE2E /* Main.storyboard in Resources */,
				D8FD53FC1D02211500FBEE2E /* popular.json in Resources */,
			);
			runOnlyForDeploymentPostprocessing = 0;
		};
/* End PBXResourcesBuildPhase section */

/* Begin PBXSourcesBuildPhase section */
		D8FD53D41D021A8B00FBEE2E /* Sources */ = {
			isa = PBXSourcesBuildPhase;
			buildActionMask = 2147483647;
			files = (
				D8FD53E01D021A8B00FBEE2E /* AppDelegate.m in Sources */,
				D8FD53FF1D0224AE00FBEE2E /* MovieTableViewController.m in Sources */,
				D8FD53FA1D021EE700FBEE2E /* Movie.m in Sources */,
				D8FD53DD1D021A8B00FBEE2E /* main.m in Sources */,
				D8FD54021D0227E800FBEE2E /* ProfileViewController.m in Sources */,
			);
			runOnlyForDeploymentPostprocessing = 0;
		};
/* End PBXSourcesBuildPhase section */

/* Begin PBXVariantGroup section */
		D8FD53E41D021A8B00FBEE2E /* Main.storyboard */ = {
			isa = PBXVariantGroup;
			children = (
				D8FD53E51D021A8B00FBEE2E /* Base */,
			);
			name = Main.storyboard;
			sourceTree = "<group>";
		};
		D8FD53E91D021A8B00FBEE2E /* LaunchScreen.storyboard */ = {
			isa = PBXVariantGroup;
			children = (
				D8FD53EA1D021A8B00FBEE2E /* Base */,
			);
			name = LaunchScreen.storyboard;
			sourceTree = "<group>";
		};
/* End PBXVariantGroup section */

/* Begin XCBuildConfiguration section */
		D8FD53ED1D021A8B00FBEE2E /* Debug */ = {
			isa = XCBuildConfiguration;
			buildSettings = {
				ALWAYS_SEARCH_USER_PATHS = NO;
				CLANG_ANALYZER_NONNULL = YES;
				CLANG_CXX_LANGUAGE_STANDARD = "gnu++0x";
				CLANG_CXX_LIBRARY = "libc++";
				CLANG_ENABLE_MODULES = YES;
				CLANG_ENABLE_OBJC_ARC = YES;
				CLANG_WARN_BOOL_CONVERSION = YES;
				CLANG_WARN_CONSTANT_CONVERSION = YES;
				CLANG_WARN_DIRECT_OBJC_ISA_USAGE = YES_ERROR;
				CLANG_WARN_EMPTY_BODY = YES;
				CLANG_WARN_ENUM_CONVERSION = YES;
				CLANG_WARN_INT_CONVERSION = YES;
				CLANG_WARN_OBJC_ROOT_CLASS = YES_ERROR;
				CLANG_WARN_UNREACHABLE_CODE = YES;
				CLANG_WARN__DUPLICATE_METHOD_MATCH = YES;
				"CODE_SIGN_IDENTITY[sdk=iphoneos*]" = "iPhone Developer";
				COPY_PHASE_STRIP = NO;
				DEBUG_INFORMATION_FORMAT = dwarf;
				ENABLE_STRICT_OBJC_MSGSEND = YES;
				ENABLE_TESTABILITY = YES;
				GCC_C_LANGUAGE_STANDARD = gnu99;
				GCC_DYNAMIC_NO_PIC = NO;
				GCC_NO_COMMON_BLOCKS = YES;
				GCC_OPTIMIZATION_LEVEL = 0;
				GCC_PREPROCESSOR_DEFINITIONS = (
					"DEBUG=1",
					"$(inherited)",
				);
				GCC_WARN_64_TO_32_BIT_CONVERSION = YES;
				GCC_WARN_ABOUT_RETURN_TYPE = YES_ERROR;
				GCC_WARN_UNDECLARED_SELECTOR = YES;
				GCC_WARN_UNINITIALIZED_AUTOS = YES_AGGRESSIVE;
				GCC_WARN_UNUSED_FUNCTION = YES;
				GCC_WARN_UNUSED_VARIABLE = YES;
				IPHONEOS_DEPLOYMENT_TARGET = 9.3;
				MTL_ENABLE_DEBUG_INFO = YES;
				ONLY_ACTIVE_ARCH = YES;
				SDKROOT = iphoneos;
			};
			name = Debug;
		};
		D8FD53EE1D021A8B00FBEE2E /* Release */ = {
			isa = XCBuildConfiguration;
			buildSettings = {
				ALWAYS_SEARCH_USER_PATHS = NO;
				CLANG_ANALYZER_NONNULL = YES;
				CLANG_CXX_LANGUAGE_STANDARD = "gnu++0x";
				CLANG_CXX_LIBRARY = "libc++";
				CLANG_ENABLE_MODULES = YES;
				CLANG_ENABLE_OBJC_ARC = YES;
				CLANG_WARN_BOOL_CONVERSION = YES;
				CLANG_WARN_CONSTANT_CONVERSION = YES;
				CLANG_WARN_DIRECT_OBJC_ISA_USAGE = YES_ERROR;
				CLANG_WARN_EMPTY_BODY = YES;
				CLANG_WARN_ENUM_CONVERSION = YES;
				CLANG_WARN_INT_CONVERSION = YES;
				CLANG_WARN_OBJC_ROOT_CLASS = YES_ERROR;
				CLANG_WARN_UNREACHABLE_CODE = YES;
				CLANG_WARN__DUPLICATE_METHOD_MATCH = YES;
				"CODE_SIGN_IDENTITY[sdk=iphoneos*]" = "iPhone Developer";
				COPY_PHASE_STRIP = NO;
				DEBUG_INFORMATION_FORMAT = "dwarf-with-dsym";
				ENABLE_NS_ASSERTIONS = NO;
				ENABLE_STRICT_OBJC_MSGSEND = YES;
				GCC_C_LANGUAGE_STANDARD = gnu99;
				GCC_NO_COMMON_BLOCKS = YES;
				GCC_WARN_64_TO_32_BIT_CONVERSION = YES;
				GCC_WARN_ABOUT_RETURN_TYPE = YES_ERROR;
				GCC_WARN_UNDECLARED_SELECTOR = YES;
				GCC_WARN_UNINITIALIZED_AUTOS = YES_AGGRESSIVE;
				GCC_WARN_UNUSED_FUNCTION = YES;
				GCC_WARN_UNUSED_VARIABLE = YES;
				IPHONEOS_DEPLOYMENT_TARGET = 9.3;
				MTL_ENABLE_DEBUG_INFO = NO;
				SDKROOT = iphoneos;
				VALIDATE_PRODUCT = YES;
			};
			name = Release;
		};
		D8FD53F01D021A8B00FBEE2E /* Debug */ = {
			isa = XCBuildConfiguration;
			buildSettings = {
				ASSETCATALOG_COMPILER_APPICON_NAME = AppIcon;
				INFOPLIST_FILE = "09 JSON/Info.plist";
				LD_RUNPATH_SEARCH_PATHS = "$(inherited) @executable_path/Frameworks";
				PRODUCT_BUNDLE_IDENTIFIER = "com.joe.-9-JSON";
				PRODUCT_NAME = "$(TARGET_NAME)";
			};
			name = Debug;
		};
		D8FD53F11D021A8B00FBEE2E /* Release */ = {
			isa = XCBuildConfiguration;
			buildSettings = {
				ASSETCATALOG_COMPILER_APPICON_NAME = AppIcon;
				INFOPLIST_FILE = "09 JSON/Info.plist";
				LD_RUNPATH_SEARCH_PATHS = "$(inherited) @executable_path/Frameworks";
				PRODUCT_BUNDLE_IDENTIFIER = "com.joe.-9-JSON";
				PRODUCT_NAME = "$(TARGET_NAME)";
			};
			name = Release;
		};
/* End XCBuildConfiguration section */

/* Begin XCConfigurationList section */
		D8FD53D31D021A8B00FBEE2E /* Build configuration list for PBXProject "09 JSON" */ = {
			isa = XCConfigurationList;
			buildConfigurations = (
				D8FD53ED1D021A8B00FBEE2E /* Debug */,
				D8FD53EE1D021A8B00FBEE2E /* Release */,
			);
			defaultConfigurationIsVisible = 0;
			defaultConfigurationName = Release;
		};
		D8FD53EF1D021A8B00FBEE2E /* Build configuration list for PBXNativeTarget "09 JSON" */ = {
			isa = XCConfigurationList;
			buildConfigurations = (
				D8FD53F01D021A8B00FBEE2E /* Debug */,
				D8FD53F11D021A8B00FBEE2E /* Release */,
			);
			defaultConfigurationIsVisible = 0;
		};
/* End XCConfigurationList section */
	};
	rootObject = D8FD53D01D021A8B00FBEE2E /* Project object */;
}
