// !$*UTF8*$!
{
	archiveVersion = 1;
	classes = {
	};
	objectVersion = 46;
	objects = {

/* Begin PBXBuildFile section */
		D881EF8F1CF65A1E00493768 /* main.m in Sources */ = {isa = PBXBuildFile; fileRef = D881EF8E1CF65A1E00493768 /* main.m */; };
		D881EF921CF65A1E00493768 /* AppDelegate.m in Sources */ = {isa = PBXBuildFile; fileRef = D881EF911CF65A1E00493768 /* AppDelegate.m */; };
		D881EF951CF65A1E00493768 /* ViewController.m in Sources */ = {isa = PBXBuildFile; fileRef = D881EF941CF65A1E00493768 /* ViewController.m */; };
		D881EF981CF65A1E00493768 /* Main.storyboard in Resources */ = {isa = PBXBuildFile; fileRef = D881EF961CF65A1E00493768 /* Main.storyboard */; };
		D881EF9A1CF65A1E00493768 /* Assets.xcassets in Resources */ = {isa = PBXBuildFile; fileRef = D881EF991CF65A1E00493768 /* Assets.xcassets */; };
		D881EF9D1CF65A1E00493768 /* LaunchScreen.storyboard in Resources */ = {isa = PBXBuildFile; fileRef = D881EF9B1CF65A1E00493768 /* LaunchScreen.storyboard */; };
/* End PBXBuildFile section */

/* Begin PBXFileReference section */
		D881EF8A1CF65A1E00493768 /* 03.app */ = {isa = PBXFileReference; explicitFileType = wrapper.application; includeInIndex = 0; path = 03.app; sourceTree = BUILT_PRODUCTS_DIR; };
		D881EF8E1CF65A1E00493768 /* main.m */ = {isa = PBXFileReference; lastKnownFileType = sourcecode.c.objc; path = main.m; sourceTree = "<group>"; };
		D881EF901CF65A1E00493768 /* AppDelegate.h */ = {isa = PBXFileReference; lastKnownFileType = sourcecode.c.h; path = AppDelegate.h; sourceTree = "<group>"; };
		D881EF911CF65A1E00493768 /* AppDelegate.m */ = {isa = PBXFileReference; lastKnownFileType = sourcecode.c.objc; path = AppDelegate.m; sourceTree = "<group>"; };
		D881EF931CF65A1E00493768 /* ViewController.h */ = {isa = PBXFileReference; lastKnownFileType = sourcecode.c.h; path = ViewController.h; sourceTree = "<group>"; };
		D881EF941CF65A1E00493768 /* ViewController.m */ = {isa = PBXFileReference; lastKnownFileType = sourcecode.c.objc; path = ViewController.m; sourceTree = "<group>"; };
		D881EF971CF65A1E00493768 /* Base */ = {isa = PBXFileReference; lastKnownFileType = file.storyboard; name = Base; path = Base.lproj/Main.storyboard; sourceTree = "<group>"; };
		D881EF991CF65A1E00493768 /* Assets.xcassets */ = {isa = PBXFileReference; lastKnownFileType = folder.assetcatalog; path = Assets.xcassets; sourceTree = "<group>"; };
		D881EF9C1CF65A1E00493768 /* Base */ = {isa = PBXFileReference; lastKnownFileType = file.storyboard; name = Base; path = Base.lproj/LaunchScreen.storyboard; sourceTree = "<group>"; };
		D881EF9E1CF65A1E00493768 /* Info.plist */ = {isa = PBXFileReference; lastKnownFileType = text.plist.xml; path = Info.plist; sourceTree = "<group>"; };
/* End PBXFileReference section */

/* Begin PBXFrameworksBuildPhase section */
		D881EF871CF65A1E00493768 /* Frameworks */ = {
			isa = PBXFrameworksBuildPhase;
			buildActionMask = 2147483647;
			files = (
			);
			runOnlyForDeploymentPostprocessing = 0;
		};
/* End PBXFrameworksBuildPhase section */

/* Begin PBXGroup section */
		D881EF811CF65A1E00493768 = {
			isa = PBXGroup;
			children = (
				D881EF8C1CF65A1E00493768 /* 03 */,
				D881EF8B1CF65A1E00493768 /* Products */,
			);
			sourceTree = "<group>";
		};
		D881EF8B1CF65A1E00493768 /* Products */ = {
			isa = PBXGroup;
			children = (
				D881EF8A1CF65A1E00493768 /* 03.app */,
			);
			name = Products;
			sourceTree = "<group>";
		};
		D881EF8C1CF65A1E00493768 /* 03 */ = {
			isa = PBXGroup;
			children = (
				D881EF901CF65A1E00493768 /* AppDelegate.h */,
				D881EF911CF65A1E00493768 /* AppDelegate.m */,
				D881EF931CF65A1E00493768 /* ViewController.h */,
				D881EF941CF65A1E00493768 /* ViewController.m */,
				D881EF961CF65A1E00493768 /* Main.storyboard */,
				D881EF991CF65A1E00493768 /* Assets.xcassets */,
				D881EF9B1CF65A1E00493768 /* LaunchScreen.storyboard */,
				D881EF9E1CF65A1E00493768 /* Info.plist */,
				D881EF8D1CF65A1E00493768 /* Supporting Files */,
			);
			path = 03;
			sourceTree = "<group>";
		};
		D881EF8D1CF65A1E00493768 /* Supporting Files */ = {
			isa = PBXGroup;
			children = (
				D881EF8E1CF65A1E00493768 /* main.m */,
			);
			name = "Supporting Files";
			sourceTree = "<group>";
		};
/* End PBXGroup section */

/* Begin PBXNativeTarget section */
		D881EF891CF65A1E00493768 /* 03 */ = {
			isa = PBXNativeTarget;
			buildConfigurationList = D881EFA11CF65A1E00493768 /* Build configuration list for PBXNativeTarget "03" */;
			buildPhases = (
				D881EF861CF65A1E00493768 /* Sources */,
				D881EF871CF65A1E00493768 /* Frameworks */,
				D881EF881CF65A1E00493768 /* Resources */,
			);
			buildRules = (
			);
			dependencies = (
			);
			name = 03;
			productName = 03;
			productReference = D881EF8A1CF65A1E00493768 /* 03.app */;
			productType = "com.apple.product-type.application";
		};
/* End PBXNativeTarget section */

/* Begin PBXProject section */
		D881EF821CF65A1E00493768 /* Project object */ = {
			isa = PBXProject;
			attributes = {
				LastUpgradeCheck = 0730;
				ORGANIZATIONNAME = "Iron Yard_Joe Moss";
				TargetAttributes = {
					D881EF891CF65A1E00493768 = {
						CreatedOnToolsVersion = 7.3.1;
					};
				};
			};
			buildConfigurationList = D881EF851CF65A1E00493768 /* Build configuration list for PBXProject "03" */;
			compatibilityVersion = "Xcode 3.2";
			developmentRegion = English;
			hasScannedForEncodings = 0;
			knownRegions = (
				en,
				Base,
			);
			mainGroup = D881EF811CF65A1E00493768;
			productRefGroup = D881EF8B1CF65A1E00493768 /* Products */;
			projectDirPath = "";
			projectRoot = "";
			targets = (
				D881EF891CF65A1E00493768 /* 03 */,
			);
		};
/* End PBXProject section */

/* Begin PBXResourcesBuildPhase section */
		D881EF881CF65A1E00493768 /* Resources */ = {
			isa = PBXResourcesBuildPhase;
			buildActionMask = 2147483647;
			files = (
				D881EF9D1CF65A1E00493768 /* LaunchScreen.storyboard in Resources */,
				D881EF9A1CF65A1E00493768 /* Assets.xcassets in Resources */,
				D881EF981CF65A1E00493768 /* Main.storyboard in Resources */,
			);
			runOnlyForDeploymentPostprocessing = 0;
		};
/* End PBXResourcesBuildPhase section */

/* Begin PBXSourcesBuildPhase section */
		D881EF861CF65A1E00493768 /* Sources */ = {
			isa = PBXSourcesBuildPhase;
			buildActionMask = 2147483647;
			files = (
				D881EF951CF65A1E00493768 /* ViewController.m in Sources */,
				D881EF921CF65A1E00493768 /* AppDelegate.m in Sources */,
				D881EF8F1CF65A1E00493768 /* main.m in Sources */,
			);
			runOnlyForDeploymentPostprocessing = 0;
		};
/* End PBXSourcesBuildPhase section */

/* Begin PBXVariantGroup section */
		D881EF961CF65A1E00493768 /* Main.storyboard */ = {
			isa = PBXVariantGroup;
			children = (
				D881EF971CF65A1E00493768 /* Base */,
			);
			name = Main.storyboard;
			sourceTree = "<group>";
		};
		D881EF9B1CF65A1E00493768 /* LaunchScreen.storyboard */ = {
			isa = PBXVariantGroup;
			children = (
				D881EF9C1CF65A1E00493768 /* Base */,
			);
			name = LaunchScreen.storyboard;
			sourceTree = "<group>";
		};
/* End PBXVariantGroup section */

/* Begin XCBuildConfiguration section */
		D881EF9F1CF65A1E00493768 /* Debug */ = {
			isa = XCBuildConfiguration;
			buildSettings = {
				ALWAYS_SEARCH_USER_PATHS = NO;
				CLANG_ANALYZER_NONNULL = YES;
				CLANG_CXX_LANGUAGE_STANDARD = "gnu++0x";
				CLANG_CXX_LIBRARY = "libc++";
				CLANG_ENABLE_MODULES = YES;
				CLANG_ENABLE_OBJC_ARC = YES;
				CLANG_WARN_BOOL_CONVERSION = YES;
				CLANG_WARN_CONSTANT_CONVERSION = YES;
				CLANG_WARN_DIRECT_OBJC_ISA_USAGE = YES_ERROR;
				CLANG_WARN_EMPTY_BODY = YES;
				CLANG_WARN_ENUM_CONVERSION = YES;
				CLANG_WARN_INT_CONVERSION = YES;
				CLANG_WARN_OBJC_ROOT_CLASS = YES_ERROR;
				CLANG_WARN_UNREACHABLE_CODE = YES;
				CLANG_WARN__DUPLICATE_METHOD_MATCH = YES;
				"CODE_SIGN_IDENTITY[sdk=iphoneos*]" = "iPhone Developer";
				COPY_PHASE_STRIP = NO;
				DEBUG_INFORMATION_FORMAT = dwarf;
				ENABLE_STRICT_OBJC_MSGSEND = YES;
				ENABLE_TESTABILITY = YES;
				GCC_C_LANGUAGE_STANDARD = gnu99;
				GCC_DYNAMIC_NO_PIC = NO;
				GCC_NO_COMMON_BLOCKS = YES;
				GCC_OPTIMIZATION_LEVEL = 0;
				GCC_PREPROCESSOR_DEFINITIONS = (
					"DEBUG=1",
					"$(inherited)",
				);
				GCC_WARN_64_TO_32_BIT_CONVERSION = YES;
				GCC_WARN_ABOUT_RETURN_TYPE = YES_ERROR;
				GCC_WARN_UNDECLARED_SELECTOR = YES;
				GCC_WARN_UNINITIALIZED_AUTOS = YES_AGGRESSIVE;
				GCC_WARN_UNUSED_FUNCTION = YES;
				GCC_WARN_UNUSED_VARIABLE = YES;
				IPHONEOS_DEPLOYMENT_TARGET = 9.3;
				MTL_ENABLE_DEBUG_INFO = YES;
				ONLY_ACTIVE_ARCH = YES;
				SDKROOT = iphoneos;
			};
			name = Debug;
		};
		D881EFA01CF65A1E00493768 /* Release */ = {
			isa = XCBuildConfiguration;
			buildSettings = {
				ALWAYS_SEARCH_USER_PATHS = NO;
				CLANG_ANALYZER_NONNULL = YES;
				CLANG_CXX_LANGUAGE_STANDARD = "gnu++0x";
				CLANG_CXX_LIBRARY = "libc++";
				CLANG_ENABLE_MODULES = YES;
				CLANG_ENABLE_OBJC_ARC = YES;
				CLANG_WARN_BOOL_CONVERSION = YES;
				CLANG_WARN_CONSTANT_CONVERSION = YES;
				CLANG_WARN_DIRECT_OBJC_ISA_USAGE = YES_ERROR;
				CLANG_WARN_EMPTY_BODY = YES;
				CLANG_WARN_ENUM_CONVERSION = YES;
				CLANG_WARN_INT_CONVERSION = YES;
				CLANG_WARN_OBJC_ROOT_CLASS = YES_ERROR;
				CLANG_WARN_UNREACHABLE_CODE = YES;
				CLANG_WARN__DUPLICATE_METHOD_MATCH = YES;
				"CODE_SIGN_IDENTITY[sdk=iphoneos*]" = "iPhone Developer";
				COPY_PHASE_STRIP = NO;
				DEBUG_INFORMATION_FORMAT = "dwarf-with-dsym";
				ENABLE_NS_ASSERTIONS = NO;
				ENABLE_STRICT_OBJC_MSGSEND = YES;
				GCC_C_LANGUAGE_STANDARD = gnu99;
				GCC_NO_COMMON_BLOCKS = YES;
				GCC_WARN_64_TO_32_BIT_CONVERSION = YES;
				GCC_WARN_ABOUT_RETURN_TYPE = YES_ERROR;
				GCC_WARN_UNDECLARED_SELECTOR = YES;
				GCC_WARN_UNINITIALIZED_AUTOS = YES_AGGRESSIVE;
				GCC_WARN_UNUSED_FUNCTION = YES;
				GCC_WARN_UNUSED_VARIABLE = YES;
				IPHONEOS_DEPLOYMENT_TARGET = 9.3;
				MTL_ENABLE_DEBUG_INFO = NO;
				SDKROOT = iphoneos;
				VALIDATE_PRODUCT = YES;
			};
			name = Release;
		};
		D881EFA21CF65A1E00493768 /* Debug */ = {
			isa = XCBuildConfiguration;
			buildSettings = {
				ASSETCATALOG_COMPILER_APPICON_NAME = AppIcon;
				INFOPLIST_FILE = 03/Info.plist;
				LD_RUNPATH_SEARCH_PATHS = "$(inherited) @executable_path/Frameworks";
				PRODUCT_BUNDLE_IDENTIFIER = "com.joe.-3";
				PRODUCT_NAME = "$(TARGET_NAME)";
			};
			name = Debug;
		};
		D881EFA31CF65A1E00493768 /* Release */ = {
			isa = XCBuildConfiguration;
			buildSettings = {
				ASSETCATALOG_COMPILER_APPICON_NAME = AppIcon;
				INFOPLIST_FILE = 03/Info.plist;
				LD_RUNPATH_SEARCH_PATHS = "$(inherited) @executable_path/Frameworks";
				PRODUCT_BUNDLE_IDENTIFIER = "com.joe.-3";
				PRODUCT_NAME = "$(TARGET_NAME)";
			};
			name = Release;
		};
/* End XCBuildConfiguration section */

/* Begin XCConfigurationList section */
		D881EF851CF65A1E00493768 /* Build configuration list for PBXProject "03" */ = {
			isa = XCConfigurationList;
			buildConfigurations = (
				D881EF9F1CF65A1E00493768 /* Debug */,
				D881EFA01CF65A1E00493768 /* Release */,
			);
			defaultConfigurationIsVisible = 0;
			defaultConfigurationName = Release;
		};
		D881EFA11CF65A1E00493768 /* Build configuration list for PBXNativeTarget "03" */ = {
			isa = XCConfigurationList;
			buildConfigurations = (
				D881EFA21CF65A1E00493768 /* Debug */,
				D881EFA31CF65A1E00493768 /* Release */,
			);
			defaultConfigurationIsVisible = 0;
		};
/* End XCConfigurationList section */
	};
	rootObject = D881EF821CF65A1E00493768 /* Project object */;
}
