// !$*UTF8*$!
{
	archiveVersion = 1;
	classes = {
	};
	objectVersion = 46;
	objects = {

/* Begin PBXBuildFile section */
		D845091F1CF4CD4300C23689 /* main.m in Sources */ = {isa = PBXBuildFile; fileRef = D845091E1CF4CD4300C23689 /* main.m */; };
		D84509221CF4CD4300C23689 /* AppDelegate.m in Sources */ = {isa = PBXBuildFile; fileRef = D84509211CF4CD4300C23689 /* AppDelegate.m */; };
		D84509251CF4CD4300C23689 /* ViewController.m in Sources */ = {isa = PBXBuildFile; fileRef = D84509241CF4CD4300C23689 /* ViewController.m */; };
		D84509281CF4CD4300C23689 /* Main.storyboard in Resources */ = {isa = PBXBuildFile; fileRef = D84509261CF4CD4300C23689 /* Main.storyboard */; };
		D845092A1CF4CD4300C23689 /* Assets.xcassets in Resources */ = {isa = PBXBuildFile; fileRef = D84509291CF4CD4300C23689 /* Assets.xcassets */; };
		D845092D1CF4CD4300C23689 /* LaunchScreen.storyboard in Resources */ = {isa = PBXBuildFile; fileRef = D845092B1CF4CD4300C23689 /* LaunchScreen.storyboard */; };
		D84509371CF4E2D100C23689 /* TIYLogo.png in Resources */ = {isa = PBXBuildFile; fileRef = D84509341CF4E2D100C23689 /* TIYLogo.png */; };
		D84509381CF4E2D100C23689 /* TIYLogo@2x.png in Resources */ = {isa = PBXBuildFile; fileRef = D84509351CF4E2D100C23689 /* TIYLogo@2x.png */; };
		D84509391CF4E2D100C23689 /* TIYLogo@3x.png in Resources */ = {isa = PBXBuildFile; fileRef = D84509361CF4E2D100C23689 /* TIYLogo@3x.png */; };
/* End PBXBuildFile section */

/* Begin PBXFileReference section */
		D845091A1CF4CD4300C23689 /* AgentApp.app */ = {isa = PBXFileReference; explicitFileType = wrapper.application; includeInIndex = 0; path = AgentApp.app; sourceTree = BUILT_PRODUCTS_DIR; };
		D845091E1CF4CD4300C23689 /* main.m */ = {isa = PBXFileReference; lastKnownFileType = sourcecode.c.objc; path = main.m; sourceTree = "<group>"; };
		D84509201CF4CD4300C23689 /* AppDelegate.h */ = {isa = PBXFileReference; lastKnownFileType = sourcecode.c.h; path = AppDelegate.h; sourceTree = "<group>"; };
		D84509211CF4CD4300C23689 /* AppDelegate.m */ = {isa = PBXFileReference; lastKnownFileType = sourcecode.c.objc; path = AppDelegate.m; sourceTree = "<group>"; };
		D84509231CF4CD4300C23689 /* ViewController.h */ = {isa = PBXFileReference; lastKnownFileType = sourcecode.c.h; path = ViewController.h; sourceTree = "<group>"; };
		D84509241CF4CD4300C23689 /* ViewController.m */ = {isa = PBXFileReference; lastKnownFileType = sourcecode.c.objc; path = ViewController.m; sourceTree = "<group>"; };
		D84509271CF4CD4300C23689 /* Base */ = {isa = PBXFileReference; lastKnownFileType = file.storyboard; name = Base; path = Base.lproj/Main.storyboard; sourceTree = "<group>"; };
		D84509291CF4CD4300C23689 /* Assets.xcassets */ = {isa = PBXFileReference; lastKnownFileType = folder.assetcatalog; path = Assets.xcassets; sourceTree = "<group>"; };
		D845092C1CF4CD4300C23689 /* Base */ = {isa = PBXFileReference; lastKnownFileType = file.storyboard; name = Base; path = Base.lproj/LaunchScreen.storyboard; sourceTree = "<group>"; };
		D845092E1CF4CD4300C23689 /* Info.plist */ = {isa = PBXFileReference; lastKnownFileType = text.plist.xml; path = Info.plist; sourceTree = "<group>"; };
		D84509341CF4E2D100C23689 /* TIYLogo.png */ = {isa = PBXFileReference; lastKnownFileType = image.png; name = TIYLogo.png; path = "../../../../TIY-Course/02--Good Morning, Agent/TIYLogo.png"; sourceTree = "<group>"; };
		D84509351CF4E2D100C23689 /* TIYLogo@2x.png */ = {isa = PBXFileReference; lastKnownFileType = image.png; name = "TIYLogo@2x.png"; path = "../../../../TIY-Course/02--Good Morning, Agent/TIYLogo@2x.png"; sourceTree = "<group>"; };
		D84509361CF4E2D100C23689 /* TIYLogo@3x.png */ = {isa = PBXFileReference; lastKnownFileType = image.png; name = "TIYLogo@3x.png"; path = "../../../../TIY-Course/02--Good Morning, Agent/TIYLogo@3x.png"; sourceTree = "<group>"; };
/* End PBXFileReference section */

/* Begin PBXFrameworksBuildPhase section */
		D84509171CF4CD4300C23689 /* Frameworks */ = {
			isa = PBXFrameworksBuildPhase;
			buildActionMask = 2147483647;
			files = (
			);
			runOnlyForDeploymentPostprocessing = 0;
		};
/* End PBXFrameworksBuildPhase section */

/* Begin PBXGroup section */
		D84509111CF4CD4300C23689 = {
			isa = PBXGroup;
			children = (
				D845091C1CF4CD4300C23689 /* AgentApp */,
				D845091B1CF4CD4300C23689 /* Products */,
			);
			sourceTree = "<group>";
		};
		D845091B1CF4CD4300C23689 /* Products */ = {
			isa = PBXGroup;
			children = (
				D845091A1CF4CD4300C23689 /* AgentApp.app */,
			);
			name = Products;
			sourceTree = "<group>";
		};
		D845091C1CF4CD4300C23689 /* AgentApp */ = {
			isa = PBXGroup;
			children = (
				D84509201CF4CD4300C23689 /* AppDelegate.h */,
				D84509211CF4CD4300C23689 /* AppDelegate.m */,
				D84509231CF4CD4300C23689 /* ViewController.h */,
				D84509241CF4CD4300C23689 /* ViewController.m */,
				D84509261CF4CD4300C23689 /* Main.storyboard */,
				D84509291CF4CD4300C23689 /* Assets.xcassets */,
				D84509341CF4E2D100C23689 /* TIYLogo.png */,
				D84509351CF4E2D100C23689 /* TIYLogo@2x.png */,
				D84509361CF4E2D100C23689 /* TIYLogo@3x.png */,
				D845092B1CF4CD4300C23689 /* LaunchScreen.storyboard */,
				D845092E1CF4CD4300C23689 /* Info.plist */,
				D845091D1CF4CD4300C23689 /* Supporting Files */,
			);
			path = AgentApp;
			sourceTree = "<group>";
		};
		D845091D1CF4CD4300C23689 /* Supporting Files */ = {
			isa = PBXGroup;
			children = (
				D845091E1CF4CD4300C23689 /* main.m */,
			);
			name = "Supporting Files";
			sourceTree = "<group>";
		};
/* End PBXGroup section */

/* Begin PBXNativeTarget section */
		D84509191CF4CD4300C23689 /* AgentApp */ = {
			isa = PBXNativeTarget;
			buildConfigurationList = D84509311CF4CD4300C23689 /* Build configuration list for PBXNativeTarget "AgentApp" */;
			buildPhases = (
				D84509161CF4CD4300C23689 /* Sources */,
				D84509171CF4CD4300C23689 /* Frameworks */,
				D84509181CF4CD4300C23689 /* Resources */,
			);
			buildRules = (
			);
			dependencies = (
			);
			name = AgentApp;
			productName = AgentApp;
			productReference = D845091A1CF4CD4300C23689 /* AgentApp.app */;
			productType = "com.apple.product-type.application";
		};
/* End PBXNativeTarget section */

/* Begin PBXProject section */
		D84509121CF4CD4300C23689 /* Project object */ = {
			isa = PBXProject;
			attributes = {
				LastUpgradeCheck = 0730;
				ORGANIZATIONNAME = "Iron Yard_Joe Moss";
				TargetAttributes = {
					D84509191CF4CD4300C23689 = {
						CreatedOnToolsVersion = 7.3.1;
					};
				};
			};
			buildConfigurationList = D84509151CF4CD4300C23689 /* Build configuration list for PBXProject "AgentApp" */;
			compatibilityVersion = "Xcode 3.2";
			developmentRegion = English;
			hasScannedForEncodings = 0;
			knownRegions = (
				en,
				Base,
			);
			mainGroup = D84509111CF4CD4300C23689;
			productRefGroup = D845091B1CF4CD4300C23689 /* Products */;
			projectDirPath = "";
			projectRoot = "";
			targets = (
				D84509191CF4CD4300C23689 /* AgentApp */,
			);
		};
/* End PBXProject section */

/* Begin PBXResourcesBuildPhase section */
		D84509181CF4CD4300C23689 /* Resources */ = {
			isa = PBXResourcesBuildPhase;
			buildActionMask = 2147483647;
			files = (
				D845092D1CF4CD4300C23689 /* LaunchScreen.storyboard in Resources */,
				D84509371CF4E2D100C23689 /* TIYLogo.png in Resources */,
				D845092A1CF4CD4300C23689 /* Assets.xcassets in Resources */,
				D84509391CF4E2D100C23689 /* TIYLogo@3x.png in Resources */,
				D84509281CF4CD4300C23689 /* Main.storyboard in Resources */,
				D84509381CF4E2D100C23689 /* TIYLogo@2x.png in Resources */,
			);
			runOnlyForDeploymentPostprocessing = 0;
		};
/* End PBXResourcesBuildPhase section */

/* Begin PBXSourcesBuildPhase section */
		D84509161CF4CD4300C23689 /* Sources */ = {
			isa = PBXSourcesBuildPhase;
			buildActionMask = 2147483647;
			files = (
				D84509251CF4CD4300C23689 /* ViewController.m in Sources */,
				D84509221CF4CD4300C23689 /* AppDelegate.m in Sources */,
				D845091F1CF4CD4300C23689 /* main.m in Sources */,
			);
			runOnlyForDeploymentPostprocessing = 0;
		};
/* End PBXSourcesBuildPhase section */

/* Begin PBXVariantGroup section */
		D84509261CF4CD4300C23689 /* Main.storyboard */ = {
			isa = PBXVariantGroup;
			children = (
				D84509271CF4CD4300C23689 /* Base */,
			);
			name = Main.storyboard;
			sourceTree = "<group>";
		};
		D845092B1CF4CD4300C23689 /* LaunchScreen.storyboard */ = {
			isa = PBXVariantGroup;
			children = (
				D845092C1CF4CD4300C23689 /* Base */,
			);
			name = LaunchScreen.storyboard;
			sourceTree = "<group>";
		};
/* End PBXVariantGroup section */

/* Begin XCBuildConfiguration section */
		D845092F1CF4CD4300C23689 /* Debug */ = {
			isa = XCBuildConfiguration;
			buildSettings = {
				ALWAYS_SEARCH_USER_PATHS = NO;
				CLANG_ANALYZER_NONNULL = YES;
				CLANG_CXX_LANGUAGE_STANDARD = "gnu++0x";
				CLANG_CXX_LIBRARY = "libc++";
				CLANG_ENABLE_MODULES = YES;
				CLANG_ENABLE_OBJC_ARC = YES;
				CLANG_WARN_BOOL_CONVERSION = YES;
				CLANG_WARN_CONSTANT_CONVERSION = YES;
				CLANG_WARN_DIRECT_OBJC_ISA_USAGE = YES_ERROR;
				CLANG_WARN_EMPTY_BODY = YES;
				CLANG_WARN_ENUM_CONVERSION = YES;
				CLANG_WARN_INT_CONVERSION = YES;
				CLANG_WARN_OBJC_ROOT_CLASS = YES_ERROR;
				CLANG_WARN_UNREACHABLE_CODE = YES;
				CLANG_WARN__DUPLICATE_METHOD_MATCH = YES;
				"CODE_SIGN_IDENTITY[sdk=iphoneos*]" = "iPhone Developer";
				COPY_PHASE_STRIP = NO;
				DEBUG_INFORMATION_FORMAT = dwarf;
				ENABLE_STRICT_OBJC_MSGSEND = YES;
				ENABLE_TESTABILITY = YES;
				GCC_C_LANGUAGE_STANDARD = gnu99;
				GCC_DYNAMIC_NO_PIC = NO;
				GCC_NO_COMMON_BLOCKS = YES;
				GCC_OPTIMIZATION_LEVEL = 0;
				GCC_PREPROCESSOR_DEFINITIONS = (
					"DEBUG=1",
					"$(inherited)",
				);
				GCC_WARN_64_TO_32_BIT_CONVERSION = YES;
				GCC_WARN_ABOUT_RETURN_TYPE = YES_ERROR;
				GCC_WARN_UNDECLARED_SELECTOR = YES;
				GCC_WARN_UNINITIALIZED_AUTOS = YES_AGGRESSIVE;
				GCC_WARN_UNUSED_FUNCTION = YES;
				GCC_WARN_UNUSED_VARIABLE = YES;
				IPHONEOS_DEPLOYMENT_TARGET = 9.3;
				MTL_ENABLE_DEBUG_INFO = YES;
				ONLY_ACTIVE_ARCH = YES;
				SDKROOT = iphoneos;
			};
			name = Debug;
		};
		D84509301CF4CD4300C23689 /* Release */ = {
			isa = XCBuildConfiguration;
			buildSettings = {
				ALWAYS_SEARCH_USER_PATHS = NO;
				CLANG_ANALYZER_NONNULL = YES;
				CLANG_CXX_LANGUAGE_STANDARD = "gnu++0x";
				CLANG_CXX_LIBRARY = "libc++";
				CLANG_ENABLE_MODULES = YES;
				CLANG_ENABLE_OBJC_ARC = YES;
				CLANG_WARN_BOOL_CONVERSION = YES;
				CLANG_WARN_CONSTANT_CONVERSION = YES;
				CLANG_WARN_DIRECT_OBJC_ISA_USAGE = YES_ERROR;
				CLANG_WARN_EMPTY_BODY = YES;
				CLANG_WARN_ENUM_CONVERSION = YES;
				CLANG_WARN_INT_CONVERSION = YES;
				CLANG_WARN_OBJC_ROOT_CLASS = YES_ERROR;
				CLANG_WARN_UNREACHABLE_CODE = YES;
				CLANG_WARN__DUPLICATE_METHOD_MATCH = YES;
				"CODE_SIGN_IDENTITY[sdk=iphoneos*]" = "iPhone Developer";
				COPY_PHASE_STRIP = NO;
				DEBUG_INFORMATION_FORMAT = "dwarf-with-dsym";
				ENABLE_NS_ASSERTIONS = NO;
				ENABLE_STRICT_OBJC_MSGSEND = YES;
				GCC_C_LANGUAGE_STANDARD = gnu99;
				GCC_NO_COMMON_BLOCKS = YES;
				GCC_WARN_64_TO_32_BIT_CONVERSION = YES;
				GCC_WARN_ABOUT_RETURN_TYPE = YES_ERROR;
				GCC_WARN_UNDECLARED_SELECTOR = YES;
				GCC_WARN_UNINITIALIZED_AUTOS = YES_AGGRESSIVE;
				GCC_WARN_UNUSED_FUNCTION = YES;
				GCC_WARN_UNUSED_VARIABLE = YES;
				IPHONEOS_DEPLOYMENT_TARGET = 9.3;
				MTL_ENABLE_DEBUG_INFO = NO;
				SDKROOT = iphoneos;
				VALIDATE_PRODUCT = YES;
			};
			name = Release;
		};
		D84509321CF4CD4300C23689 /* Debug */ = {
			isa = XCBuildConfiguration;
			buildSettings = {
				ASSETCATALOG_COMPILER_APPICON_NAME = AppIcon;
				INFOPLIST_FILE = AgentApp/Info.plist;
				LD_RUNPATH_SEARCH_PATHS = "$(inherited) @executable_path/Frameworks";
				PRODUCT_BUNDLE_IDENTIFIER = com.joe.AgentApp;
				PRODUCT_NAME = "$(TARGET_NAME)";
			};
			name = Debug;
		};
		D84509331CF4CD4300C23689 /* Release */ = {
			isa = XCBuildConfiguration;
			buildSettings = {
				ASSETCATALOG_COMPILER_APPICON_NAME = AppIcon;
				INFOPLIST_FILE = AgentApp/Info.plist;
				LD_RUNPATH_SEARCH_PATHS = "$(inherited) @executable_path/Frameworks";
				PRODUCT_BUNDLE_IDENTIFIER = com.joe.AgentApp;
				PRODUCT_NAME = "$(TARGET_NAME)";
			};
			name = Release;
		};
/* End XCBuildConfiguration section */

/* Begin XCConfigurationList section */
		D84509151CF4CD4300C23689 /* Build configuration list for PBXProject "AgentApp" */ = {
			isa = XCConfigurationList;
			buildConfigurations = (
				D845092F1CF4CD4300C23689 /* Debug */,
				D84509301CF4CD4300C23689 /* Release */,
			);
			defaultConfigurationIsVisible = 0;
			defaultConfigurationName = Release;
		};
		D84509311CF4CD4300C23689 /* Build configuration list for PBXNativeTarget "AgentApp" */ = {
			isa = XCConfigurationList;
			buildConfigurations = (
				D84509321CF4CD4300C23689 /* Debug */,
				D84509331CF4CD4300C23689 /* Release */,
			);
			defaultConfigurationIsVisible = 0;
		};
/* End XCConfigurationList section */
	};
	rootObject = D84509121CF4CD4300C23689 /* Project object */;
}
